{
  "name": "@j-cli-dev/init",
  "version": "1.0.6",
  "lockfileVersion": 2,
  "requires": true,
  "packages": {
    "": {
      "name": "@j-cli-dev/init",
      "version": "1.0.6",
      "license": "ISC",
      "dependencies": {
        "@j-cli-dev/command": "file:../../models/command"
      }
    },
    "../../models/command": {
      "version": "1.0.6",
      "license": "ISC",
      "dependencies": {
        "@j-cli-dev/log": "file:../../utils/log",
        "@j-cli-dev/package": "file:../../models/package"
      }
    },
    "node_modules/@j-cli-dev/command": {
      "resolved": "../../models/command",
      "link": true
    }
  },
  "dependencies": {
    "@j-cli-dev/command": {
      "version": "file:../../models/command",
      "requires": {
        "@j-cli-dev/log": "file:../../utils/log",
        "@j-cli-dev/package": "file:../package"
      }
    }
  }
}
