{
  "name": "@j-cli-dev/exec",
  "version": "1.0.6",
  "lockfileVersion": 2,
  "requires": true,
  "packages": {
    "": {
      "name": "@j-cli-dev/exec",
      "version": "1.0.6",
      "license": "ISC",
      "dependencies": {
        "@j-cli-dev/package": "file:../../models/package"
      }
    },
    "../../models/package": {
      "version": "1.0.6",
      "license": "ISC"
    },
    "../../modules/package": {
      "extraneous": true
    },
    "node_modules/@j-cli-dev/package": {
      "resolved": "../../models/package",
      "link": true
    }
  },
  "dependencies": {
    "@j-cli-dev/package": {
      "version": "file:../../models/package"
    }
  }
}
